// !$*UTF8*$!
{
	archiveVersion = 1;
	classes = {
	};
	objectVersion = 46;
	objects = {

/* Begin PBXBuildFile section */
		3D9CD8AD1D05459100C71D6A /* AB_SalonTests.m in Sources */ = {isa = PBXBuildFile; fileRef = 3D9CD8AC1D05459100C71D6A /* AB_SalonTests.m */; };
		3D9CD8B81D05459100C71D6A /* AB_SalonUITests.m in Sources */ = {isa = PBXBuildFile; fileRef = 3D9CD8B71D05459100C71D6A /* AB_SalonUITests.m */; };
		3D9CD8D71D05561D00C71D6A /* AppDelegate.m in Sources */ = {isa = PBXBuildFile; fileRef = 3D9CD8C71D05561D00C71D6A /* AppDelegate.m */; };
		3D9CD8D81D05561D00C71D6A /* LaunchScreen.storyboard in Resources */ = {isa = PBXBuildFile; fileRef = 3D9CD8CC1D05561D00C71D6A /* LaunchScreen.storyboard */; };
		3D9CD8D91D05561D00C71D6A /* Main.storyboard in Resources */ = {isa = PBXBuildFile; fileRef = 3D9CD8CE1D05561D00C71D6A /* Main.storyboard */; };
		3D9CD8DA1D05561D00C71D6A /* Assets.xcassets in Resources */ = {isa = PBXBuildFile; fileRef = 3D9CD8D11D05561D00C71D6A /* Assets.xcassets */; };
		3D9CD8DB1D05561D00C71D6A /* Info.plist in Resources */ = {isa = PBXBuildFile; fileRef = 3D9CD8D21D05561D00C71D6A /* Info.plist */; };
		3D9CD8DC1D05561D00C71D6A /* main.m in Sources */ = {isa = PBXBuildFile; fileRef = 3D9CD8D31D05561D00C71D6A /* main.m */; };
		3D9CD8DD1D05561D00C71D6A /* ViewController.m in Sources */ = {isa = PBXBuildFile; fileRef = 3D9CD8D61D05561D00C71D6A /* ViewController.m */; };
		F855AC511D055B66007F0C87 /* BottomButton.m in Sources */ = {isa = PBXBuildFile; fileRef = F855AC4C1D055B66007F0C87 /* BottomButton.m */; };
		F855AC521D055B66007F0C87 /* CustomValidationTextField.m in Sources */ = {isa = PBXBuildFile; fileRef = F855AC4E1D055B66007F0C87 /* CustomValidationTextField.m */; };
		F855AC531D055B66007F0C87 /* ValidationCheckbox.m in Sources */ = {isa = PBXBuildFile; fileRef = F855AC501D055B66007F0C87 /* ValidationCheckbox.m */; };
		F855AC5A1D055BA0007F0C87 /* ForgotPasswordVC.m in Sources */ = {isa = PBXBuildFile; fileRef = F855AC571D055BA0007F0C87 /* ForgotPasswordVC.m */; };
		F855AC5B1D055BA0007F0C87 /* LoginViewController.m in Sources */ = {isa = PBXBuildFile; fileRef = F855AC591D055BA0007F0C87 /* LoginViewController.m */; };
		F855AC601D055BD4007F0C87 /* LoginViewStoryboard.storyboard in Resources */ = {isa = PBXBuildFile; fileRef = F855AC5C1D055BD4007F0C87 /* LoginViewStoryboard.storyboard */; };
		F855AC611D055BD4007F0C87 /* NegotiateAppointmentVCStoryboard.storyboard in Resources */ = {isa = PBXBuildFile; fileRef = F855AC5D1D055BD4007F0C87 /* NegotiateAppointmentVCStoryboard.storyboard */; };
		F855AC621D055BD4007F0C87 /* RegistrationStoryboard.storyboard in Resources */ = {isa = PBXBuildFile; fileRef = F855AC5E1D055BD4007F0C87 /* RegistrationStoryboard.storyboard */; };
		F855AC631D055BD4007F0C87 /* ScheduleHoursStoryboard.storyboard in Resources */ = {isa = PBXBuildFile; fileRef = F855AC5F1D055BD4007F0C87 /* ScheduleHoursStoryboard.storyboard */; };
/* End PBXBuildFile section */

/* Begin PBXContainerItemProxy section */
		3D9CD8A91D05459100C71D6A /* PBXContainerItemProxy */ = {
			isa = PBXContainerItemProxy;
			containerPortal = 3D9CD8871D05459000C71D6A /* Project object */;
			proxyType = 1;
			remoteGlobalIDString = 3D9CD88E1D05459000C71D6A;
			remoteInfo = "AB-Salon";
		};
		3D9CD8B41D05459100C71D6A /* PBXContainerItemProxy */ = {
			isa = PBXContainerItemProxy;
			containerPortal = 3D9CD8871D05459000C71D6A /* Project object */;
			proxyType = 1;
			remoteGlobalIDString = 3D9CD88E1D05459000C71D6A;
			remoteInfo = "AB-Salon";
		};
/* End PBXContainerItemProxy section */

/* Begin PBXFileReference section */
		3D9CD88F1D05459000C71D6A /* AB-Salon.app */ = {isa = PBXFileReference; explicitFileType = wrapper.application; includeInIndex = 0; path = "AB-Salon.app"; sourceTree = BUILT_PRODUCTS_DIR; };
		3D9CD8A81D05459100C71D6A /* AB-SalonTests.xctest */ = {isa = PBXFileReference; explicitFileType = wrapper.cfbundle; includeInIndex = 0; path = "AB-SalonTests.xctest"; sourceTree = BUILT_PRODUCTS_DIR; };
		3D9CD8AC1D05459100C71D6A /* AB_SalonTests.m */ = {isa = PBXFileReference; lastKnownFileType = sourcecode.c.objc; path = AB_SalonTests.m; sourceTree = "<group>"; };
		3D9CD8AE1D05459100C71D6A /* Info.plist */ = {isa = PBXFileReference; lastKnownFileType = text.plist.xml; path = Info.plist; sourceTree = "<group>"; };
		3D9CD8B31D05459100C71D6A /* AB-SalonUITests.xctest */ = {isa = PBXFileReference; explicitFileType = wrapper.cfbundle; includeInIndex = 0; path = "AB-SalonUITests.xctest"; sourceTree = BUILT_PRODUCTS_DIR; };
		3D9CD8B71D05459100C71D6A /* AB_SalonUITests.m */ = {isa = PBXFileReference; lastKnownFileType = sourcecode.c.objc; path = AB_SalonUITests.m; sourceTree = "<group>"; };
		3D9CD8B91D05459100C71D6A /* Info.plist */ = {isa = PBXFileReference; lastKnownFileType = text.plist.xml; path = Info.plist; sourceTree = "<group>"; };
		3D9CD8C61D05561D00C71D6A /* AppDelegate.h */ = {isa = PBXFileReference; fileEncoding = 4; lastKnownFileType = sourcecode.c.h; path = AppDelegate.h; sourceTree = "<group>"; };
		3D9CD8C71D05561D00C71D6A /* AppDelegate.m */ = {isa = PBXFileReference; fileEncoding = 4; lastKnownFileType = sourcecode.c.objc; path = AppDelegate.m; sourceTree = "<group>"; };
		3D9CD8CD1D05561D00C71D6A /* Base */ = {isa = PBXFileReference; lastKnownFileType = file.storyboard; name = Base; path = Base.lproj/LaunchScreen.storyboard; sourceTree = "<group>"; };
		3D9CD8CF1D05561D00C71D6A /* Base */ = {isa = PBXFileReference; lastKnownFileType = file.storyboard; name = Base; path = Base.lproj/Main.storyboard; sourceTree = "<group>"; };
		3D9CD8D11D05561D00C71D6A /* Assets.xcassets */ = {isa = PBXFileReference; lastKnownFileType = folder.assetcatalog; path = Assets.xcassets; sourceTree = "<group>"; };
		3D9CD8D21D05561D00C71D6A /* Info.plist */ = {isa = PBXFileReference; fileEncoding = 4; lastKnownFileType = text.plist.xml; path = Info.plist; sourceTree = "<group>"; };
		3D9CD8D31D05561D00C71D6A /* main.m */ = {isa = PBXFileReference; fileEncoding = 4; lastKnownFileType = sourcecode.c.objc; path = main.m; sourceTree = "<group>"; };
		3D9CD8D51D05561D00C71D6A /* ViewController.h */ = {isa = PBXFileReference; fileEncoding = 4; lastKnownFileType = sourcecode.c.h; path = ViewController.h; sourceTree = "<group>"; };
		3D9CD8D61D05561D00C71D6A /* ViewController.m */ = {isa = PBXFileReference; fileEncoding = 4; lastKnownFileType = sourcecode.c.objc; path = ViewController.m; sourceTree = "<group>"; };
		3D9CD8E01D05588900C71D6A /* ar */ = {isa = PBXFileReference; lastKnownFileType = text.plist.strings; name = ar; path = ar.lproj/LaunchScreen.strings; sourceTree = "<group>"; };
		3D9CD8E11D05588900C71D6A /* ar */ = {isa = PBXFileReference; lastKnownFileType = text.plist.strings; name = ar; path = ar.lproj/Main.strings; sourceTree = "<group>"; };
		F855AC4B1D055B66007F0C87 /* BottomButton.h */ = {isa = PBXFileReference; fileEncoding = 4; lastKnownFileType = sourcecode.c.h; path = BottomButton.h; sourceTree = "<group>"; };
		F855AC4C1D055B66007F0C87 /* BottomButton.m */ = {isa = PBXFileReference; fileEncoding = 4; lastKnownFileType = sourcecode.c.objc; path = BottomButton.m; sourceTree = "<group>"; };
		F855AC4D1D055B66007F0C87 /* CustomValidationTextField.h */ = {isa = PBXFileReference; fileEncoding = 4; lastKnownFileType = sourcecode.c.h; path = CustomValidationTextField.h; sourceTree = "<group>"; };
		F855AC4E1D055B66007F0C87 /* CustomValidationTextField.m */ = {isa = PBXFileReference; fileEncoding = 4; lastKnownFileType = sourcecode.c.objc; path = CustomValidationTextField.m; sourceTree = "<group>"; };
		F855AC4F1D055B66007F0C87 /* ValidationCheckbox.h */ = {isa = PBXFileReference; fileEncoding = 4; lastKnownFileType = sourcecode.c.h; path = ValidationCheckbox.h; sourceTree = "<group>"; };
		F855AC501D055B66007F0C87 /* ValidationCheckbox.m */ = {isa = PBXFileReference; fileEncoding = 4; lastKnownFileType = sourcecode.c.objc; path = ValidationCheckbox.m; sourceTree = "<group>"; };
		F855AC561D055BA0007F0C87 /* ForgotPasswordVC.h */ = {isa = PBXFileReference; fileEncoding = 4; lastKnownFileType = sourcecode.c.h; path = ForgotPasswordVC.h; sourceTree = "<group>"; };
		F855AC571D055BA0007F0C87 /* ForgotPasswordVC.m */ = {isa = PBXFileReference; fileEncoding = 4; lastKnownFileType = sourcecode.c.objc; path = ForgotPasswordVC.m; sourceTree = "<group>"; };
		F855AC581D055BA0007F0C87 /* LoginViewController.h */ = {isa = PBXFileReference; fileEncoding = 4; lastKnownFileType = sourcecode.c.h; path = LoginViewController.h; sourceTree = "<group>"; };
		F855AC591D055BA0007F0C87 /* LoginViewController.m */ = {isa = PBXFileReference; fileEncoding = 4; lastKnownFileType = sourcecode.c.objc; path = LoginViewController.m; sourceTree = "<group>"; };
		F855AC5C1D055BD4007F0C87 /* LoginViewStoryboard.storyboard */ = {isa = PBXFileReference; fileEncoding = 4; lastKnownFileType = file.storyboard; path = LoginViewStoryboard.storyboard; sourceTree = "<group>"; };
		F855AC5D1D055BD4007F0C87 /* NegotiateAppointmentVCStoryboard.storyboard */ = {isa = PBXFileReference; fileEncoding = 4; lastKnownFileType = file.storyboard; path = NegotiateAppointmentVCStoryboard.storyboard; sourceTree = "<group>"; };
		F855AC5E1D055BD4007F0C87 /* RegistrationStoryboard.storyboard */ = {isa = PBXFileReference; fileEncoding = 4; lastKnownFileType = file.storyboard; path = RegistrationStoryboard.storyboard; sourceTree = "<group>"; };
		F855AC5F1D055BD4007F0C87 /* ScheduleHoursStoryboard.storyboard */ = {isa = PBXFileReference; fileEncoding = 4; lastKnownFileType = file.storyboard; path = ScheduleHoursStoryboard.storyboard; sourceTree = "<group>"; };
/* End PBXFileReference section */

/* Begin PBXFrameworksBuildPhase section */
		3D9CD88C1D05459000C71D6A /* Frameworks */ = {
			isa = PBXFrameworksBuildPhase;
			buildActionMask = 2147483647;
			files = (
			);
			runOnlyForDeploymentPostprocessing = 0;
		};
		3D9CD8A51D05459100C71D6A /* Frameworks */ = {
			isa = PBXFrameworksBuildPhase;
			buildActionMask = 2147483647;
			files = (
			);
			runOnlyForDeploymentPostprocessing = 0;
		};
		3D9CD8B01D05459100C71D6A /* Frameworks */ = {
			isa = PBXFrameworksBuildPhase;
			buildActionMask = 2147483647;
			files = (
			);
			runOnlyForDeploymentPostprocessing = 0;
		};
/* End PBXFrameworksBuildPhase section */

/* Begin PBXGroup section */
		3D9CD8861D05459000C71D6A = {
			isa = PBXGroup;
			children = (
				3D9CD8911D05459000C71D6A /* AB-Salon */,
				3D9CD8AB1D05459100C71D6A /* AB-SalonTests */,
				3D9CD8B61D05459100C71D6A /* AB-SalonUITests */,
				3D9CD8901D05459000C71D6A /* Products */,
			);
			sourceTree = "<group>";
		};
		3D9CD8901D05459000C71D6A /* Products */ = {
			isa = PBXGroup;
			children = (
				3D9CD88F1D05459000C71D6A /* AB-Salon.app */,
				3D9CD8A81D05459100C71D6A /* AB-SalonTests.xctest */,
				3D9CD8B31D05459100C71D6A /* AB-SalonUITests.xctest */,
			);
			name = Products;
			sourceTree = "<group>";
		};
		3D9CD8911D05459000C71D6A /* AB-Salon */ = {
			isa = PBXGroup;
			children = (
				3D9CD8C51D05561D00C71D6A /* App Delegate */,
				3D9CD8C91D05561D00C71D6A /* Data Handler */,
				F855AC4A1D055B66007F0C87 /* CustomViews */,
				3D9CD8CA1D05561D00C71D6A /* Modals */,
				3D9CD8CB1D05561D00C71D6A /* Storyboards */,
				3D9CD8D01D05561D00C71D6A /* Supporting Files */,
				3D9CD8D41D05561D00C71D6A /* View Controllers */,
			);
			path = "AB-Salon";
			sourceTree = "<group>";
		};
		3D9CD8AB1D05459100C71D6A /* AB-SalonTests */ = {
			isa = PBXGroup;
			children = (
				3D9CD8AC1D05459100C71D6A /* AB_SalonTests.m */,
				3D9CD8AE1D05459100C71D6A /* Info.plist */,
			);
			path = "AB-SalonTests";
			sourceTree = "<group>";
		};
		3D9CD8B61D05459100C71D6A /* AB-SalonUITests */ = {
			isa = PBXGroup;
			children = (
				3D9CD8B71D05459100C71D6A /* AB_SalonUITests.m */,
				3D9CD8B91D05459100C71D6A /* Info.plist */,
			);
			path = "AB-SalonUITests";
			sourceTree = "<group>";
		};
		3D9CD8C51D05561D00C71D6A /* App Delegate */ = {
			isa = PBXGroup;
			children = (
				3D9CD8C61D05561D00C71D6A /* AppDelegate.h */,
				3D9CD8C71D05561D00C71D6A /* AppDelegate.m */,
			);
			path = "App Delegate";
			sourceTree = "<group>";
		};
		3D9CD8C91D05561D00C71D6A /* Data Handler */ = {
			isa = PBXGroup;
			children = (
			);
			path = "Data Handler";
			sourceTree = "<group>";
		};
		3D9CD8CA1D05561D00C71D6A /* Modals */ = {
			isa = PBXGroup;
			children = (
			);
			path = Modals;
			sourceTree = "<group>";
		};
		3D9CD8CB1D05561D00C71D6A /* Storyboards */ = {
			isa = PBXGroup;
			children = (
				F855AC5C1D055BD4007F0C87 /* LoginViewStoryboard.storyboard */,
				F855AC5D1D055BD4007F0C87 /* NegotiateAppointmentVCStoryboard.storyboard */,
				F855AC5E1D055BD4007F0C87 /* RegistrationStoryboard.storyboard */,
				F855AC5F1D055BD4007F0C87 /* ScheduleHoursStoryboard.storyboard */,
				3D9CD8CC1D05561D00C71D6A /* LaunchScreen.storyboard */,
				3D9CD8CE1D05561D00C71D6A /* Main.storyboard */,
			);
			path = Storyboards;
			sourceTree = "<group>";
		};
		3D9CD8D01D05561D00C71D6A /* Supporting Files */ = {
			isa = PBXGroup;
			children = (
				3D9CD8D11D05561D00C71D6A /* Assets.xcassets */,
				3D9CD8D21D05561D00C71D6A /* Info.plist */,
				3D9CD8D31D05561D00C71D6A /* main.m */,
			);
			path = "Supporting Files";
			sourceTree = "<group>";
		};
		3D9CD8D41D05561D00C71D6A /* View Controllers */ = {
			isa = PBXGroup;
			children = (
				F855AC541D055BA0007F0C87 /* LoginScreen */,
				3D9CD8D51D05561D00C71D6A /* ViewController.h */,
				3D9CD8D61D05561D00C71D6A /* ViewController.m */,
			);
			path = "View Controllers";
			sourceTree = "<group>";
		};
		F855AC4A1D055B66007F0C87 /* CustomViews */ = {
			isa = PBXGroup;
			children = (
				F855AC4B1D055B66007F0C87 /* BottomButton.h */,
				F855AC4C1D055B66007F0C87 /* BottomButton.m */,
				F855AC4D1D055B66007F0C87 /* CustomValidationTextField.h */,
				F855AC4E1D055B66007F0C87 /* CustomValidationTextField.m */,
				F855AC4F1D055B66007F0C87 /* ValidationCheckbox.h */,
				F855AC501D055B66007F0C87 /* ValidationCheckbox.m */,
			);
			path = CustomViews;
			sourceTree = "<group>";
		};
		F855AC541D055BA0007F0C87 /* LoginScreen */ = {
			isa = PBXGroup;
			children = (
				F855AC551D055BA0007F0C87 /* ForgotPassword */,
				F855AC581D055BA0007F0C87 /* LoginViewController.h */,
				F855AC591D055BA0007F0C87 /* LoginViewController.m */,
			);
			path = LoginScreen;
			sourceTree = "<group>";
		};
		F855AC551D055BA0007F0C87 /* ForgotPassword */ = {
			isa = PBXGroup;
			children = (
				F855AC561D055BA0007F0C87 /* ForgotPasswordVC.h */,
				F855AC571D055BA0007F0C87 /* ForgotPasswordVC.m */,
			);
			path = ForgotPassword;
			sourceTree = "<group>";
		};
/* End PBXGroup section */

/* Begin PBXNativeTarget section */
		3D9CD88E1D05459000C71D6A /* AB-Salon */ = {
			isa = PBXNativeTarget;
			buildConfigurationList = 3D9CD8BC1D05459100C71D6A /* Build configuration list for PBXNativeTarget "AB-Salon" */;
			buildPhases = (
				3D9CD88B1D05459000C71D6A /* Sources */,
				3D9CD88C1D05459000C71D6A /* Frameworks */,
				3D9CD88D1D05459000C71D6A /* Resources */,
			);
			buildRules = (
			);
			dependencies = (
			);
			name = "AB-Salon";
			productName = "AB-Salon";
			productReference = 3D9CD88F1D05459000C71D6A /* AB-Salon.app */;
			productType = "com.apple.product-type.application";
		};
		3D9CD8A71D05459100C71D6A /* AB-SalonTests */ = {
			isa = PBXNativeTarget;
			buildConfigurationList = 3D9CD8BF1D05459100C71D6A /* Build configuration list for PBXNativeTarget "AB-SalonTests" */;
			buildPhases = (
				3D9CD8A41D05459100C71D6A /* Sources */,
				3D9CD8A51D05459100C71D6A /* Frameworks */,
				3D9CD8A61D05459100C71D6A /* Resources */,
			);
			buildRules = (
			);
			dependencies = (
				3D9CD8AA1D05459100C71D6A /* PBXTargetDependency */,
			);
			name = "AB-SalonTests";
			productName = "AB-SalonTests";
			productReference = 3D9CD8A81D05459100C71D6A /* AB-SalonTests.xctest */;
			productType = "com.apple.product-type.bundle.unit-test";
		};
		3D9CD8B21D05459100C71D6A /* AB-SalonUITests */ = {
			isa = PBXNativeTarget;
			buildConfigurationList = 3D9CD8C21D05459100C71D6A /* Build configuration list for PBXNativeTarget "AB-SalonUITests" */;
			buildPhases = (
				3D9CD8AF1D05459100C71D6A /* Sources */,
				3D9CD8B01D05459100C71D6A /* Frameworks */,
				3D9CD8B11D05459100C71D6A /* Resources */,
			);
			buildRules = (
			);
			dependencies = (
				3D9CD8B51D05459100C71D6A /* PBXTargetDependency */,
			);
			name = "AB-SalonUITests";
			productName = "AB-SalonUITests";
			productReference = 3D9CD8B31D05459100C71D6A /* AB-SalonUITests.xctest */;
			productType = "com.apple.product-type.bundle.ui-testing";
		};
/* End PBXNativeTarget section */

/* Begin PBXProject section */
		3D9CD8871D05459000C71D6A /* Project object */ = {
			isa = PBXProject;
			attributes = {
				LastUpgradeCheck = 0730;
				ORGANIZATIONNAME = Citrusbits;
				TargetAttributes = {
					3D9CD88E1D05459000C71D6A = {
						CreatedOnToolsVersion = 7.3.1;
					};
					3D9CD8A71D05459100C71D6A = {
						CreatedOnToolsVersion = 7.3.1;
						TestTargetID = 3D9CD88E1D05459000C71D6A;
					};
					3D9CD8B21D05459100C71D6A = {
						CreatedOnToolsVersion = 7.3.1;
						TestTargetID = 3D9CD88E1D05459000C71D6A;
					};
				};
			};
			buildConfigurationList = 3D9CD88A1D05459000C71D6A /* Build configuration list for PBXProject "AB-Salon" */;
			compatibilityVersion = "Xcode 3.2";
			developmentRegion = English;
			hasScannedForEncodings = 0;
			knownRegions = (
				en,
				Base,
			);
			mainGroup = 3D9CD8861D05459000C71D6A;
			productRefGroup = 3D9CD8901D05459000C71D6A /* Products */;
			projectDirPath = "";
			projectRoot = "";
			targets = (
				3D9CD88E1D05459000C71D6A /* AB-Salon */,
				3D9CD8A71D05459100C71D6A /* AB-SalonTests */,
				3D9CD8B21D05459100C71D6A /* AB-SalonUITests */,
			);
		};
/* End PBXProject section */

/* Begin PBXResourcesBuildPhase section */
		3D9CD88D1D05459000C71D6A /* Resources */ = {
			isa = PBXResourcesBuildPhase;
			buildActionMask = 2147483647;
			files = (
				F855AC631D055BD4007F0C87 /* ScheduleHoursStoryboard.storyboard in Resources */,
				F855AC621D055BD4007F0C87 /* RegistrationStoryboard.storyboard in Resources */,
				3D9CD8DB1D05561D00C71D6A /* Info.plist in Resources */,
				3D9CD8D81D05561D00C71D6A /* LaunchScreen.storyboard in Resources */,
				3D9CD8DA1D05561D00C71D6A /* Assets.xcassets in Resources */,
				3D9CD8D91D05561D00C71D6A /* Main.storyboard in Resources */,
				F855AC601D055BD4007F0C87 /* LoginViewStoryboard.storyboard in Resources */,
				F855AC611D055BD4007F0C87 /* NegotiateAppointmentVCStoryboard.storyboard in Resources */,
			);
			runOnlyForDeploymentPostprocessing = 0;
		};
		3D9CD8A61D05459100C71D6A /* Resources */ = {
			isa = PBXResourcesBuildPhase;
			buildActionMask = 2147483647;
			files = (
			);
			runOnlyForDeploymentPostprocessing = 0;
		};
		3D9CD8B11D05459100C71D6A /* Resources */ = {
			isa = PBXResourcesBuildPhase;
			buildActionMask = 2147483647;
			files = (
			);
			runOnlyForDeploymentPostprocessing = 0;
		};
/* End PBXResourcesBuildPhase section */

/* Begin PBXSourcesBuildPhase section */
		3D9CD88B1D05459000C71D6A /* Sources */ = {
			isa = PBXSourcesBuildPhase;
			buildActionMask = 2147483647;
			files = (
				F855AC5B1D055BA0007F0C87 /* LoginViewController.m in Sources */,
				3D9CD8DD1D05561D00C71D6A /* ViewController.m in Sources */,
				F855AC521D055B66007F0C87 /* CustomValidationTextField.m in Sources */,
				3D9CD8DC1D05561D00C71D6A /* main.m in Sources */,
				F855AC5A1D055BA0007F0C87 /* ForgotPasswordVC.m in Sources */,
				F855AC531D055B66007F0C87 /* ValidationCheckbox.m in Sources */,
				F855AC511D055B66007F0C87 /* BottomButton.m in Sources */,
				3D9CD8D71D05561D00C71D6A /* AppDelegate.m in Sources */,
			);
			runOnlyForDeploymentPostprocessing = 0;
		};
		3D9CD8A41D05459100C71D6A /* Sources */ = {
			isa = PBXSourcesBuildPhase;
			buildActionMask = 2147483647;
			files = (
				3D9CD8AD1D05459100C71D6A /* AB_SalonTests.m in Sources */,
			);
			runOnlyForDeploymentPostprocessing = 0;
		};
		3D9CD8AF1D05459100C71D6A /* Sources */ = {
			isa = PBXSourcesBuildPhase;
			buildActionMask = 2147483647;
			files = (
				3D9CD8B81D05459100C71D6A /* AB_SalonUITests.m in Sources */,
			);
			runOnlyForDeploymentPostprocessing = 0;
		};
/* End PBXSourcesBuildPhase section */

/* Begin PBXTargetDependency section */
		3D9CD8AA1D05459100C71D6A /* PBXTargetDependency */ = {
			isa = PBXTargetDependency;
			target = 3D9CD88E1D05459000C71D6A /* AB-Salon */;
			targetProxy = 3D9CD8A91D05459100C71D6A /* PBXContainerItemProxy */;
		};
		3D9CD8B51D05459100C71D6A /* PBXTargetDependency */ = {
			isa = PBXTargetDependency;
			target = 3D9CD88E1D05459000C71D6A /* AB-Salon */;
			targetProxy = 3D9CD8B41D05459100C71D6A /* PBXContainerItemProxy */;
		};
/* End PBXTargetDependency section */

/* Begin PBXVariantGroup section */
		3D9CD8CC1D05561D00C71D6A /* LaunchScreen.storyboard */ = {
			isa = PBXVariantGroup;
			children = (
				3D9CD8CD1D05561D00C71D6A /* Base */,
				3D9CD8E01D05588900C71D6A /* ar */,
			);
			name = LaunchScreen.storyboard;
			sourceTree = "<group>";
		};
		3D9CD8CE1D05561D00C71D6A /* Main.storyboard */ = {
			isa = PBXVariantGroup;
			children = (
				3D9CD8CF1D05561D00C71D6A /* Base */,
				3D9CD8E11D05588900C71D6A /* ar */,
			);
			name = Main.storyboard;
			sourceTree = "<group>";
		};
/* End PBXVariantGroup section */

/* Begin XCBuildConfiguration section */
		3D9CD8BA1D05459100C71D6A /* Debug */ = {
			isa = XCBuildConfiguration;
			buildSettings = {
				ALWAYS_SEARCH_USER_PATHS = NO;
				CLANG_ANALYZER_NONNULL = YES;
				CLANG_CXX_LANGUAGE_STANDARD = "gnu++0x";
				CLANG_CXX_LIBRARY = "libc++";
				CLANG_ENABLE_MODULES = YES;
				CLANG_ENABLE_OBJC_ARC = YES;
				CLANG_WARN_BOOL_CONVERSION = YES;
				CLANG_WARN_CONSTANT_CONVERSION = YES;
				CLANG_WARN_DIRECT_OBJC_ISA_USAGE = YES_ERROR;
				CLANG_WARN_EMPTY_BODY = YES;
				CLANG_WARN_ENUM_CONVERSION = YES;
				CLANG_WARN_INT_CONVERSION = YES;
				CLANG_WARN_OBJC_ROOT_CLASS = YES_ERROR;
				CLANG_WARN_UNREACHABLE_CODE = YES;
				CLANG_WARN__DUPLICATE_METHOD_MATCH = YES;
				"CODE_SIGN_IDENTITY[sdk=iphoneos*]" = "iPhone Developer";
				COPY_PHASE_STRIP = NO;
				DEBUG_INFORMATION_FORMAT = dwarf;
				ENABLE_STRICT_OBJC_MSGSEND = YES;
				ENABLE_TESTABILITY = YES;
				GCC_C_LANGUAGE_STANDARD = gnu99;
				GCC_DYNAMIC_NO_PIC = NO;
				GCC_NO_COMMON_BLOCKS = YES;
				GCC_OPTIMIZATION_LEVEL = 0;
				GCC_PREPROCESSOR_DEFINITIONS = (
					"DEBUG=1",
					"$(inherited)",
				);
				GCC_WARN_64_TO_32_BIT_CONVERSION = YES;
				GCC_WARN_ABOUT_RETURN_TYPE = YES_ERROR;
				GCC_WARN_UNDECLARED_SELECTOR = YES;
				GCC_WARN_UNINITIALIZED_AUTOS = YES_AGGRESSIVE;
				GCC_WARN_UNUSED_FUNCTION = YES;
				GCC_WARN_UNUSED_VARIABLE = YES;
				IPHONEOS_DEPLOYMENT_TARGET = 9.0;
				MTL_ENABLE_DEBUG_INFO = YES;
				ONLY_ACTIVE_ARCH = YES;
				SDKROOT = iphoneos;
			};
			name = Debug;
		};
		3D9CD8BB1D05459100C71D6A /* Release */ = {
			isa = XCBuildConfiguration;
			buildSettings = {
				ALWAYS_SEARCH_USER_PATHS = NO;
				CLANG_ANALYZER_NONNULL = YES;
				CLANG_CXX_LANGUAGE_STANDARD = "gnu++0x";
				CLANG_CXX_LIBRARY = "libc++";
				CLANG_ENABLE_MODULES = YES;
				CLANG_ENABLE_OBJC_ARC = YES;
				CLANG_WARN_BOOL_CONVERSION = YES;
				CLANG_WARN_CONSTANT_CONVERSION = YES;
				CLANG_WARN_DIRECT_OBJC_ISA_USAGE = YES_ERROR;
				CLANG_WARN_EMPTY_BODY = YES;
				CLANG_WARN_ENUM_CONVERSION = YES;
				CLANG_WARN_INT_CONVERSION = YES;
				CLANG_WARN_OBJC_ROOT_CLASS = YES_ERROR;
				CLANG_WARN_UNREACHABLE_CODE = YES;
				CLANG_WARN__DUPLICATE_METHOD_MATCH = YES;
				"CODE_SIGN_IDENTITY[sdk=iphoneos*]" = "iPhone Developer";
				COPY_PHASE_STRIP = NO;
				DEBUG_INFORMATION_FORMAT = "dwarf-with-dsym";
				ENABLE_NS_ASSERTIONS = NO;
				ENABLE_STRICT_OBJC_MSGSEND = YES;
				GCC_C_LANGUAGE_STANDARD = gnu99;
				GCC_NO_COMMON_BLOCKS = YES;
				GCC_WARN_64_TO_32_BIT_CONVERSION = YES;
				GCC_WARN_ABOUT_RETURN_TYPE = YES_ERROR;
				GCC_WARN_UNDECLARED_SELECTOR = YES;
				GCC_WARN_UNINITIALIZED_AUTOS = YES_AGGRESSIVE;
				GCC_WARN_UNUSED_FUNCTION = YES;
				GCC_WARN_UNUSED_VARIABLE = YES;
				IPHONEOS_DEPLOYMENT_TARGET = 9.0;
				MTL_ENABLE_DEBUG_INFO = NO;
				SDKROOT = iphoneos;
				VALIDATE_PRODUCT = YES;
			};
			name = Release;
		};
		3D9CD8BD1D05459100C71D6A /* Debug */ = {
			isa = XCBuildConfiguration;
			buildSettings = {
				ASSETCATALOG_COMPILER_APPICON_NAME = AppIcon;
				INFOPLIST_FILE = "AB-Salon/Info.plist";
				IPHONEOS_DEPLOYMENT_TARGET = 9.0;
				LD_RUNPATH_SEARCH_PATHS = "$(inherited) @executable_path/Frameworks";
				PRODUCT_BUNDLE_IDENTIFIER = "com.citrusbits.AB-Salon";
				PRODUCT_NAME = "$(TARGET_NAME)";
			};
			name = Debug;
		};
		3D9CD8BE1D05459100C71D6A /* Release */ = {
			isa = XCBuildConfiguration;
			buildSettings = {
				ASSETCATALOG_COMPILER_APPICON_NAME = AppIcon;
				INFOPLIST_FILE = "AB-Salon/Info.plist";
				IPHONEOS_DEPLOYMENT_TARGET = 9.0;
				LD_RUNPATH_SEARCH_PATHS = "$(inherited) @executable_path/Frameworks";
				PRODUCT_BUNDLE_IDENTIFIER = "com.citrusbits.AB-Salon";
				PRODUCT_NAME = "$(TARGET_NAME)";
			};
			name = Release;
		};
		3D9CD8C01D05459100C71D6A /* Debug */ = {
			isa = XCBuildConfiguration;
			buildSettings = {
				BUNDLE_LOADER = "$(TEST_HOST)";
				INFOPLIST_FILE = "AB-SalonTests/Info.plist";
				LD_RUNPATH_SEARCH_PATHS = "$(inherited) @executable_path/Frameworks @loader_path/Frameworks";
				PRODUCT_BUNDLE_IDENTIFIER = "com.citrusbits.AB-SalonTests";
				PRODUCT_NAME = "$(TARGET_NAME)";
				TEST_HOST = "$(BUILT_PRODUCTS_DIR)/AB-Salon.app/AB-Salon";
			};
			name = Debug;
		};
		3D9CD8C11D05459100C71D6A /* Release */ = {
			isa = XCBuildConfiguration;
			buildSettings = {
				BUNDLE_LOADER = "$(TEST_HOST)";
				INFOPLIST_FILE = "AB-SalonTests/Info.plist";
				LD_RUNPATH_SEARCH_PATHS = "$(inherited) @executable_path/Frameworks @loader_path/Frameworks";
				PRODUCT_BUNDLE_IDENTIFIER = "com.citrusbits.AB-SalonTests";
				PRODUCT_NAME = "$(TARGET_NAME)";
				TEST_HOST = "$(BUILT_PRODUCTS_DIR)/AB-Salon.app/AB-Salon";
			};
			name = Release;
		};
		3D9CD8C31D05459100C71D6A /* Debug */ = {
			isa = XCBuildConfiguration;
			buildSettings = {
				INFOPLIST_FILE = "AB-SalonUITests/Info.plist";
				LD_RUNPATH_SEARCH_PATHS = "$(inherited) @executable_path/Frameworks @loader_path/Frameworks";
				PRODUCT_BUNDLE_IDENTIFIER = "com.citrusbits.AB-SalonUITests";
				PRODUCT_NAME = "$(TARGET_NAME)";
				TEST_TARGET_NAME = "AB-Salon";
			};
			name = Debug;
		};
		3D9CD8C41D05459100C71D6A /* Release */ = {
			isa = XCBuildConfiguration;
			buildSettings = {
				INFOPLIST_FILE = "AB-SalonUITests/Info.plist";
				LD_RUNPATH_SEARCH_PATHS = "$(inherited) @executable_path/Frameworks @loader_path/Frameworks";
				PRODUCT_BUNDLE_IDENTIFIER = "com.citrusbits.AB-SalonUITests";
				PRODUCT_NAME = "$(TARGET_NAME)";
				TEST_TARGET_NAME = "AB-Salon";
			};
			name = Release;
		};
/* End XCBuildConfiguration section */

/* Begin XCConfigurationList section */
		3D9CD88A1D05459000C71D6A /* Build configuration list for PBXProject "AB-Salon" */ = {
			isa = XCConfigurationList;
			buildConfigurations = (
				3D9CD8BA1D05459100C71D6A /* Debug */,
				3D9CD8BB1D05459100C71D6A /* Release */,
			);
			defaultConfigurationIsVisible = 0;
			defaultConfigurationName = Release;
		};
		3D9CD8BC1D05459100C71D6A /* Build configuration list for PBXNativeTarget "AB-Salon" */ = {
			isa = XCConfigurationList;
			buildConfigurations = (
				3D9CD8BD1D05459100C71D6A /* Debug */,
				3D9CD8BE1D05459100C71D6A /* Release */,
			);
			defaultConfigurationIsVisible = 0;
			defaultConfigurationName = Release;
		};
		3D9CD8BF1D05459100C71D6A /* Build configuration list for PBXNativeTarget "AB-SalonTests" */ = {
			isa = XCConfigurationList;
			buildConfigurations = (
				3D9CD8C01D05459100C71D6A /* Debug */,
				3D9CD8C11D05459100C71D6A /* Release */,
			);
			defaultConfigurationIsVisible = 0;
			defaultConfigurationName = Release;
		};
		3D9CD8C21D05459100C71D6A /* Build configuration list for PBXNativeTarget "AB-SalonUITests" */ = {
			isa = XCConfigurationList;
			buildConfigurations = (
				3D9CD8C31D05459100C71D6A /* Debug */,
				3D9CD8C41D05459100C71D6A /* Release */,
			);
			defaultConfigurationIsVisible = 0;
			defaultConfigurationName = Release;
		};
/* End XCConfigurationList section */
	};
	rootObject = 3D9CD8871D05459000C71D6A /* Project object */;
}
