// !$*UTF8*$!
{
	archiveVersion = 1;
	classes = {
	};
	objectVersion = 46;
	objects = {

/* Begin PBXBuildFile section */
		11E8D032E1B6B534F902E76E /* libPods-AB-SalonUITests.a in Frameworks */ = {isa = PBXBuildFile; fileRef = A4A84853437AB0F73104729F /* libPods-AB-SalonUITests.a */; };
		23A9BFAE4EDB806E7902E479 /* libPods-AB-Salon.a in Frameworks */ = {isa = PBXBuildFile; fileRef = EB5C79B987B2DF7DC0BA20A7 /* libPods-AB-Salon.a */; };
		3D9CD8AD1D05459100C71D6A /* AB_SalonTests.m in Sources */ = {isa = PBXBuildFile; fileRef = 3D9CD8AC1D05459100C71D6A /* AB_SalonTests.m */; };
		3D9CD8B81D05459100C71D6A /* AB_SalonUITests.m in Sources */ = {isa = PBXBuildFile; fileRef = 3D9CD8B71D05459100C71D6A /* AB_SalonUITests.m */; };
		3D9CD8D71D05561D00C71D6A /* AppDelegate.m in Sources */ = {isa = PBXBuildFile; fileRef = 3D9CD8C71D05561D00C71D6A /* AppDelegate.m */; };
		3D9CD8D81D05561D00C71D6A /* LaunchScreen.storyboard in Resources */ = {isa = PBXBuildFile; fileRef = 3D9CD8CC1D05561D00C71D6A /* LaunchScreen.storyboard */; };
		3D9CD8DA1D05561D00C71D6A /* Assets.xcassets in Resources */ = {isa = PBXBuildFile; fileRef = 3D9CD8D11D05561D00C71D6A /* Assets.xcassets */; };
		3D9CD8DB1D05561D00C71D6A /* Info.plist in Resources */ = {isa = PBXBuildFile; fileRef = 3D9CD8D21D05561D00C71D6A /* Info.plist */; };
		3D9CD8DC1D05561D00C71D6A /* main.m in Sources */ = {isa = PBXBuildFile; fileRef = 3D9CD8D31D05561D00C71D6A /* main.m */; };
		3D9CD8E51D0561F700C71D6A /* ForgotPasswordVC.m in Sources */ = {isa = PBXBuildFile; fileRef = 3D9CD8E41D0561F700C71D6A /* ForgotPasswordVC.m */; };
		3D9CD8E81D0562A600C71D6A /* UserProfile.storyboard in Resources */ = {isa = PBXBuildFile; fileRef = 3D9CD8E61D0562A600C71D6A /* UserProfile.storyboard */; };
		3D9CD8EB1D0562C400C71D6A /* SalonProfile.storyboard in Resources */ = {isa = PBXBuildFile; fileRef = 3D9CD8E91D0562C400C71D6A /* SalonProfile.storyboard */; };
		3D9CD8EE1D0562D300C71D6A /* Services.storyboard in Resources */ = {isa = PBXBuildFile; fileRef = 3D9CD8EC1D0562D300C71D6A /* Services.storyboard */; };
		3D9CD8F11D0562E300C71D6A /* Appointments.storyboard in Resources */ = {isa = PBXBuildFile; fileRef = 3D9CD8EF1D0562E300C71D6A /* Appointments.storyboard */; };
		3D9CD8F41D0562F800C71D6A /* Share.storyboard in Resources */ = {isa = PBXBuildFile; fileRef = 3D9CD8F21D0562F800C71D6A /* Share.storyboard */; };
		3D9CD8F71D05630900C71D6A /* About.storyboard in Resources */ = {isa = PBXBuildFile; fileRef = 3D9CD8F51D05630900C71D6A /* About.storyboard */; };
		3D9CD8FC1D05632D00C71D6A /* LoginViewStoryboard.storyboard in Resources */ = {isa = PBXBuildFile; fileRef = 3D9CD8F81D05632D00C71D6A /* LoginViewStoryboard.storyboard */; };
		3D9CD8FD1D05632D00C71D6A /* RegistrationStoryboard.storyboard in Resources */ = {isa = PBXBuildFile; fileRef = 3D9CD8FA1D05632D00C71D6A /* RegistrationStoryboard.storyboard */; };
		F855AC511D055B66007F0C87 /* BottomButton.m in Sources */ = {isa = PBXBuildFile; fileRef = F855AC4C1D055B66007F0C87 /* BottomButton.m */; };
		F855AC521D055B66007F0C87 /* CustomValidationTextField.m in Sources */ = {isa = PBXBuildFile; fileRef = F855AC4E1D055B66007F0C87 /* CustomValidationTextField.m */; };
		F855AC531D055B66007F0C87 /* ValidationCheckbox.m in Sources */ = {isa = PBXBuildFile; fileRef = F855AC501D055B66007F0C87 /* ValidationCheckbox.m */; };
		F855AC5B1D055BA0007F0C87 /* LoginViewController.m in Sources */ = {isa = PBXBuildFile; fileRef = F855AC591D055BA0007F0C87 /* LoginViewController.m */; };
		F855AC6A1D058ED4007F0C87 /* RegisterUserVC.m in Sources */ = {isa = PBXBuildFile; fileRef = F855AC671D058ED4007F0C87 /* RegisterUserVC.m */; };
		F855AC6B1D058ED4007F0C87 /* RegistrationViewController.m in Sources */ = {isa = PBXBuildFile; fileRef = F855AC691D058ED4007F0C87 /* RegistrationViewController.m */; };
		FF01FB88AFC53CCA8DCEC3CA /* libPods-AB-SalonTests.a in Frameworks */ = {isa = PBXBuildFile; fileRef = 2848A88C6299E0BDA8FE7EB3 /* libPods-AB-SalonTests.a */; };
/* End PBXBuildFile section */

/* Begin PBXContainerItemProxy section */
		3D9CD8A91D05459100C71D6A /* PBXContainerItemProxy */ = {
			isa = PBXContainerItemProxy;
			containerPortal = 3D9CD8871D05459000C71D6A /* Project object */;
			proxyType = 1;
			remoteGlobalIDString = 3D9CD88E1D05459000C71D6A;
			remoteInfo = "AB-Salon";
		};
		3D9CD8B41D05459100C71D6A /* PBXContainerItemProxy */ = {
			isa = PBXContainerItemProxy;
			containerPortal = 3D9CD8871D05459000C71D6A /* Project object */;
			proxyType = 1;
			remoteGlobalIDString = 3D9CD88E1D05459000C71D6A;
			remoteInfo = "AB-Salon";
		};
/* End PBXContainerItemProxy section */

/* Begin PBXFileReference section */
		08BDC02C082666C8E113BF08 /* Pods-AB-Salon.release.xcconfig */ = {isa = PBXFileReference; includeInIndex = 1; lastKnownFileType = text.xcconfig; name = "Pods-AB-Salon.release.xcconfig"; path = "Pods/Target Support Files/Pods-AB-Salon/Pods-AB-Salon.release.xcconfig"; sourceTree = "<group>"; };
		2848A88C6299E0BDA8FE7EB3 /* libPods-AB-SalonTests.a */ = {isa = PBXFileReference; explicitFileType = archive.ar; includeInIndex = 0; path = "libPods-AB-SalonTests.a"; sourceTree = BUILT_PRODUCTS_DIR; };
		3D9CD88F1D05459000C71D6A /* AB-Salon.app */ = {isa = PBXFileReference; explicitFileType = wrapper.application; includeInIndex = 0; path = "AB-Salon.app"; sourceTree = BUILT_PRODUCTS_DIR; };
		3D9CD8A81D05459100C71D6A /* AB-SalonTests.xctest */ = {isa = PBXFileReference; explicitFileType = wrapper.cfbundle; includeInIndex = 0; path = "AB-SalonTests.xctest"; sourceTree = BUILT_PRODUCTS_DIR; };
		3D9CD8AC1D05459100C71D6A /* AB_SalonTests.m */ = {isa = PBXFileReference; lastKnownFileType = sourcecode.c.objc; path = AB_SalonTests.m; sourceTree = "<group>"; };
		3D9CD8AE1D05459100C71D6A /* Info.plist */ = {isa = PBXFileReference; lastKnownFileType = text.plist.xml; path = Info.plist; sourceTree = "<group>"; };
		3D9CD8B31D05459100C71D6A /* AB-SalonUITests.xctest */ = {isa = PBXFileReference; explicitFileType = wrapper.cfbundle; includeInIndex = 0; path = "AB-SalonUITests.xctest"; sourceTree = BUILT_PRODUCTS_DIR; };
		3D9CD8B71D05459100C71D6A /* AB_SalonUITests.m */ = {isa = PBXFileReference; lastKnownFileType = sourcecode.c.objc; path = AB_SalonUITests.m; sourceTree = "<group>"; };
		3D9CD8B91D05459100C71D6A /* Info.plist */ = {isa = PBXFileReference; lastKnownFileType = text.plist.xml; path = Info.plist; sourceTree = "<group>"; };
		3D9CD8C61D05561D00C71D6A /* AppDelegate.h */ = {isa = PBXFileReference; fileEncoding = 4; lastKnownFileType = sourcecode.c.h; path = AppDelegate.h; sourceTree = "<group>"; };
		3D9CD8C71D05561D00C71D6A /* AppDelegate.m */ = {isa = PBXFileReference; fileEncoding = 4; lastKnownFileType = sourcecode.c.objc; path = AppDelegate.m; sourceTree = "<group>"; };
		3D9CD8CD1D05561D00C71D6A /* Base */ = {isa = PBXFileReference; lastKnownFileType = file.storyboard; name = Base; path = Base.lproj/LaunchScreen.storyboard; sourceTree = "<group>"; };
		3D9CD8D11D05561D00C71D6A /* Assets.xcassets */ = {isa = PBXFileReference; lastKnownFileType = folder.assetcatalog; path = Assets.xcassets; sourceTree = "<group>"; };
		3D9CD8D21D05561D00C71D6A /* Info.plist */ = {isa = PBXFileReference; fileEncoding = 4; lastKnownFileType = text.plist.xml; path = Info.plist; sourceTree = "<group>"; };
		3D9CD8D31D05561D00C71D6A /* main.m */ = {isa = PBXFileReference; fileEncoding = 4; lastKnownFileType = sourcecode.c.objc; path = main.m; sourceTree = "<group>"; };
		3D9CD8E31D0561F700C71D6A /* ForgotPasswordVC.h */ = {isa = PBXFileReference; fileEncoding = 4; lastKnownFileType = sourcecode.c.h; path = ForgotPasswordVC.h; sourceTree = "<group>"; };
		3D9CD8E41D0561F700C71D6A /* ForgotPasswordVC.m */ = {isa = PBXFileReference; fileEncoding = 4; lastKnownFileType = sourcecode.c.objc; path = ForgotPasswordVC.m; sourceTree = "<group>"; };
		3D9CD8E71D0562A600C71D6A /* Base */ = {isa = PBXFileReference; lastKnownFileType = file.storyboard; name = Base; path = Base.lproj/UserProfile.storyboard; sourceTree = "<group>"; };
		3D9CD8EA1D0562C400C71D6A /* Base */ = {isa = PBXFileReference; lastKnownFileType = file.storyboard; name = Base; path = Base.lproj/SalonProfile.storyboard; sourceTree = "<group>"; };
		3D9CD8ED1D0562D300C71D6A /* Base */ = {isa = PBXFileReference; lastKnownFileType = file.storyboard; name = Base; path = Base.lproj/Services.storyboard; sourceTree = "<group>"; };
		3D9CD8F01D0562E300C71D6A /* Base */ = {isa = PBXFileReference; lastKnownFileType = file.storyboard; name = Base; path = Base.lproj/Appointments.storyboard; sourceTree = "<group>"; };
		3D9CD8F31D0562F800C71D6A /* Base */ = {isa = PBXFileReference; lastKnownFileType = file.storyboard; name = Base; path = Base.lproj/Share.storyboard; sourceTree = "<group>"; };
		3D9CD8F61D05630900C71D6A /* Base */ = {isa = PBXFileReference; lastKnownFileType = file.storyboard; name = Base; path = Base.lproj/About.storyboard; sourceTree = "<group>"; };
		3D9CD8F91D05632D00C71D6A /* Base */ = {isa = PBXFileReference; lastKnownFileType = file.storyboard; name = Base; path = Base.lproj/LoginViewStoryboard.storyboard; sourceTree = "<group>"; };
		3D9CD8FB1D05632D00C71D6A /* Base */ = {isa = PBXFileReference; lastKnownFileType = file.storyboard; name = Base; path = Base.lproj/RegistrationStoryboard.storyboard; sourceTree = "<group>"; };
		3D9CD8FE1D05636000C71D6A /* ar */ = {isa = PBXFileReference; lastKnownFileType = text.plist.strings; name = ar; path = ar.lproj/LoginViewStoryboard.strings; sourceTree = "<group>"; };
		3D9CD8FF1D05636000C71D6A /* ar */ = {isa = PBXFileReference; lastKnownFileType = text.plist.strings; name = ar; path = ar.lproj/RegistrationStoryboard.strings; sourceTree = "<group>"; };
		3D9CD9001D05636100C71D6A /* ar */ = {isa = PBXFileReference; lastKnownFileType = text.plist.strings; name = ar; path = ar.lproj/LaunchScreen.strings; sourceTree = "<group>"; };
		3D9CD9011D05636100C71D6A /* ar */ = {isa = PBXFileReference; lastKnownFileType = text.plist.strings; name = ar; path = ar.lproj/UserProfile.strings; sourceTree = "<group>"; };
		3D9CD9021D05636100C71D6A /* ar */ = {isa = PBXFileReference; lastKnownFileType = text.plist.strings; name = ar; path = ar.lproj/SalonProfile.strings; sourceTree = "<group>"; };
		3D9CD9031D05636100C71D6A /* ar */ = {isa = PBXFileReference; lastKnownFileType = text.plist.strings; name = ar; path = ar.lproj/Services.strings; sourceTree = "<group>"; };
		3D9CD9041D05636100C71D6A /* ar */ = {isa = PBXFileReference; lastKnownFileType = text.plist.strings; name = ar; path = ar.lproj/Appointments.strings; sourceTree = "<group>"; };
		3D9CD9051D05636100C71D6A /* ar */ = {isa = PBXFileReference; lastKnownFileType = text.plist.strings; name = ar; path = ar.lproj/Share.strings; sourceTree = "<group>"; };
		3D9CD9061D05636100C71D6A /* ar */ = {isa = PBXFileReference; lastKnownFileType = text.plist.strings; name = ar; path = ar.lproj/About.strings; sourceTree = "<group>"; };
		532E78640CF83ED9010401BD /* Pods-AB-SalonUITests.release.xcconfig */ = {isa = PBXFileReference; includeInIndex = 1; lastKnownFileType = text.xcconfig; name = "Pods-AB-SalonUITests.release.xcconfig"; path = "Pods/Target Support Files/Pods-AB-SalonUITests/Pods-AB-SalonUITests.release.xcconfig"; sourceTree = "<group>"; };
		7B28677229D7D17F4060B493 /* Pods-AB-SalonTests.debug.xcconfig */ = {isa = PBXFileReference; includeInIndex = 1; lastKnownFileType = text.xcconfig; name = "Pods-AB-SalonTests.debug.xcconfig"; path = "Pods/Target Support Files/Pods-AB-SalonTests/Pods-AB-SalonTests.debug.xcconfig"; sourceTree = "<group>"; };
		A4A84853437AB0F73104729F /* libPods-AB-SalonUITests.a */ = {isa = PBXFileReference; explicitFileType = archive.ar; includeInIndex = 0; path = "libPods-AB-SalonUITests.a"; sourceTree = BUILT_PRODUCTS_DIR; };
		C88922AF6706D2D3EC42FD97 /* Pods-AB-Salon.debug.xcconfig */ = {isa = PBXFileReference; includeInIndex = 1; lastKnownFileType = text.xcconfig; name = "Pods-AB-Salon.debug.xcconfig"; path = "Pods/Target Support Files/Pods-AB-Salon/Pods-AB-Salon.debug.xcconfig"; sourceTree = "<group>"; };
		D4F4276F54A3C70AFD35129A /* Pods-AB-SalonTests.release.xcconfig */ = {isa = PBXFileReference; includeInIndex = 1; lastKnownFileType = text.xcconfig; name = "Pods-AB-SalonTests.release.xcconfig"; path = "Pods/Target Support Files/Pods-AB-SalonTests/Pods-AB-SalonTests.release.xcconfig"; sourceTree = "<group>"; };
		EB5C79B987B2DF7DC0BA20A7 /* libPods-AB-Salon.a */ = {isa = PBXFileReference; explicitFileType = archive.ar; includeInIndex = 0; path = "libPods-AB-Salon.a"; sourceTree = BUILT_PRODUCTS_DIR; };
		EE25E13264A3F4E2C8574141 /* Pods-AB-SalonUITests.debug.xcconfig */ = {isa = PBXFileReference; includeInIndex = 1; lastKnownFileType = text.xcconfig; name = "Pods-AB-SalonUITests.debug.xcconfig"; path = "Pods/Target Support Files/Pods-AB-SalonUITests/Pods-AB-SalonUITests.debug.xcconfig"; sourceTree = "<group>"; };
		F855AC4B1D055B66007F0C87 /* BottomButton.h */ = {isa = PBXFileReference; fileEncoding = 4; lastKnownFileType = sourcecode.c.h; path = BottomButton.h; sourceTree = "<group>"; };
		F855AC4C1D055B66007F0C87 /* BottomButton.m */ = {isa = PBXFileReference; fileEncoding = 4; lastKnownFileType = sourcecode.c.objc; path = BottomButton.m; sourceTree = "<group>"; };
		F855AC4D1D055B66007F0C87 /* CustomValidationTextField.h */ = {isa = PBXFileReference; fileEncoding = 4; lastKnownFileType = sourcecode.c.h; path = CustomValidationTextField.h; sourceTree = "<group>"; };
		F855AC4E1D055B66007F0C87 /* CustomValidationTextField.m */ = {isa = PBXFileReference; fileEncoding = 4; lastKnownFileType = sourcecode.c.objc; path = CustomValidationTextField.m; sourceTree = "<group>"; };
		F855AC4F1D055B66007F0C87 /* ValidationCheckbox.h */ = {isa = PBXFileReference; fileEncoding = 4; lastKnownFileType = sourcecode.c.h; path = ValidationCheckbox.h; sourceTree = "<group>"; };
		F855AC501D055B66007F0C87 /* ValidationCheckbox.m */ = {isa = PBXFileReference; fileEncoding = 4; lastKnownFileType = sourcecode.c.objc; path = ValidationCheckbox.m; sourceTree = "<group>"; };
		F855AC581D055BA0007F0C87 /* LoginViewController.h */ = {isa = PBXFileReference; fileEncoding = 4; lastKnownFileType = sourcecode.c.h; path = LoginViewController.h; sourceTree = "<group>"; };
		F855AC591D055BA0007F0C87 /* LoginViewController.m */ = {isa = PBXFileReference; fileEncoding = 4; lastKnownFileType = sourcecode.c.objc; path = LoginViewController.m; sourceTree = "<group>"; };
		F855AC661D058ED4007F0C87 /* RegisterUserVC.h */ = {isa = PBXFileReference; fileEncoding = 4; lastKnownFileType = sourcecode.c.h; path = RegisterUserVC.h; sourceTree = "<group>"; };
		F855AC671D058ED4007F0C87 /* RegisterUserVC.m */ = {isa = PBXFileReference; fileEncoding = 4; lastKnownFileType = sourcecode.c.objc; path = RegisterUserVC.m; sourceTree = "<group>"; };
		F855AC681D058ED4007F0C87 /* RegistrationViewController.h */ = {isa = PBXFileReference; fileEncoding = 4; lastKnownFileType = sourcecode.c.h; path = RegistrationViewController.h; sourceTree = "<group>"; };
		F855AC691D058ED4007F0C87 /* RegistrationViewController.m */ = {isa = PBXFileReference; fileEncoding = 4; lastKnownFileType = sourcecode.c.objc; path = RegistrationViewController.m; sourceTree = "<group>"; };
/* End PBXFileReference section */

/* Begin PBXFrameworksBuildPhase section */
		3D9CD88C1D05459000C71D6A /* Frameworks */ = {
			isa = PBXFrameworksBuildPhase;
			buildActionMask = 2147483647;
			files = (
				23A9BFAE4EDB806E7902E479 /* libPods-AB-Salon.a in Frameworks */,
			);
			runOnlyForDeploymentPostprocessing = 0;
		};
		3D9CD8A51D05459100C71D6A /* Frameworks */ = {
			isa = PBXFrameworksBuildPhase;
			buildActionMask = 2147483647;
			files = (
				FF01FB88AFC53CCA8DCEC3CA /* libPods-AB-SalonTests.a in Frameworks */,
			);
			runOnlyForDeploymentPostprocessing = 0;
		};
		3D9CD8B01D05459100C71D6A /* Frameworks */ = {
			isa = PBXFrameworksBuildPhase;
			buildActionMask = 2147483647;
			files = (
				11E8D032E1B6B534F902E76E /* libPods-AB-SalonUITests.a in Frameworks */,
			);
			runOnlyForDeploymentPostprocessing = 0;
		};
/* End PBXFrameworksBuildPhase section */

/* Begin PBXGroup section */
		3D9CD8861D05459000C71D6A = {
			isa = PBXGroup;
			children = (
				3D9CD8911D05459000C71D6A /* AB-Salon */,
				3D9CD8AB1D05459100C71D6A /* AB-SalonTests */,
				3D9CD8B61D05459100C71D6A /* AB-SalonUITests */,
				3D9CD8901D05459000C71D6A /* Products */,
				B871216C7AD02D66FF61C9D2 /* Pods */,
				78B3ADC934B6FE3CB64E733D /* Frameworks */,
			);
			sourceTree = "<group>";
		};
		3D9CD8901D05459000C71D6A /* Products */ = {
			isa = PBXGroup;
			children = (
				3D9CD88F1D05459000C71D6A /* AB-Salon.app */,
				3D9CD8A81D05459100C71D6A /* AB-SalonTests.xctest */,
				3D9CD8B31D05459100C71D6A /* AB-SalonUITests.xctest */,
			);
			name = Products;
			sourceTree = "<group>";
		};
		3D9CD8911D05459000C71D6A /* AB-Salon */ = {
			isa = PBXGroup;
			children = (
				3D9CD8C51D05561D00C71D6A /* App Delegate */,
				3D9CD8C91D05561D00C71D6A /* Data Handler */,
				F855AC4A1D055B66007F0C87 /* CustomViews */,
				3D9CD8CA1D05561D00C71D6A /* Modals */,
				3D9CD8CB1D05561D00C71D6A /* Storyboards */,
				3D9CD8D01D05561D00C71D6A /* Supporting Files */,
				3D9CD8D41D05561D00C71D6A /* View Controllers */,
			);
			path = "AB-Salon";
			sourceTree = "<group>";
		};
		3D9CD8AB1D05459100C71D6A /* AB-SalonTests */ = {
			isa = PBXGroup;
			children = (
				3D9CD8AC1D05459100C71D6A /* AB_SalonTests.m */,
				3D9CD8AE1D05459100C71D6A /* Info.plist */,
			);
			path = "AB-SalonTests";
			sourceTree = "<group>";
		};
		3D9CD8B61D05459100C71D6A /* AB-SalonUITests */ = {
			isa = PBXGroup;
			children = (
				3D9CD8B71D05459100C71D6A /* AB_SalonUITests.m */,
				3D9CD8B91D05459100C71D6A /* Info.plist */,
			);
			path = "AB-SalonUITests";
			sourceTree = "<group>";
		};
		3D9CD8C51D05561D00C71D6A /* App Delegate */ = {
			isa = PBXGroup;
			children = (
				3D9CD8C61D05561D00C71D6A /* AppDelegate.h */,
				3D9CD8C71D05561D00C71D6A /* AppDelegate.m */,
			);
			path = "App Delegate";
			sourceTree = "<group>";
		};
		3D9CD8C91D05561D00C71D6A /* Data Handler */ = {
			isa = PBXGroup;
			children = (
			);
			path = "Data Handler";
			sourceTree = "<group>";
		};
		3D9CD8CA1D05561D00C71D6A /* Modals */ = {
			isa = PBXGroup;
			children = (
			);
			path = Modals;
			sourceTree = "<group>";
		};
		3D9CD8CB1D05561D00C71D6A /* Storyboards */ = {
			isa = PBXGroup;
			children = (
				3D9CD8F81D05632D00C71D6A /* LoginViewStoryboard.storyboard */,
				3D9CD8FA1D05632D00C71D6A /* RegistrationStoryboard.storyboard */,
				3D9CD8CC1D05561D00C71D6A /* LaunchScreen.storyboard */,
				3D9CD8E61D0562A600C71D6A /* UserProfile.storyboard */,
				3D9CD8E91D0562C400C71D6A /* SalonProfile.storyboard */,
				3D9CD8EC1D0562D300C71D6A /* Services.storyboard */,
				3D9CD8EF1D0562E300C71D6A /* Appointments.storyboard */,
				3D9CD8F21D0562F800C71D6A /* Share.storyboard */,
				3D9CD8F51D05630900C71D6A /* About.storyboard */,
			);
			path = Storyboards;
			sourceTree = "<group>";
		};
		3D9CD8D01D05561D00C71D6A /* Supporting Files */ = {
			isa = PBXGroup;
			children = (
				3D9CD8D11D05561D00C71D6A /* Assets.xcassets */,
				3D9CD8D21D05561D00C71D6A /* Info.plist */,
				3D9CD8D31D05561D00C71D6A /* main.m */,
			);
			path = "Supporting Files";
			sourceTree = "<group>";
		};
		3D9CD8D41D05561D00C71D6A /* View Controllers */ = {
			isa = PBXGroup;
			children = (
				F855AC651D058ED4007F0C87 /* RegisterUser */,
				F855AC641D058ED4007F0C87 /* RegistrationViewControllers */,
				3D9CD8E21D0561F700C71D6A /* ForgotPassword */,
				F855AC541D055BA0007F0C87 /* LoginScreen */,
			);
			path = "View Controllers";
			sourceTree = "<group>";
		};
		3D9CD8E21D0561F700C71D6A /* ForgotPassword */ = {
			isa = PBXGroup;
			children = (
				3D9CD8E31D0561F700C71D6A /* ForgotPasswordVC.h */,
				3D9CD8E41D0561F700C71D6A /* ForgotPasswordVC.m */,
			);
			path = ForgotPassword;
			sourceTree = "<group>";
		};
		78B3ADC934B6FE3CB64E733D /* Frameworks */ = {
			isa = PBXGroup;
			children = (
				EB5C79B987B2DF7DC0BA20A7 /* libPods-AB-Salon.a */,
				2848A88C6299E0BDA8FE7EB3 /* libPods-AB-SalonTests.a */,
				A4A84853437AB0F73104729F /* libPods-AB-SalonUITests.a */,
			);
			name = Frameworks;
			sourceTree = "<group>";
		};
		B871216C7AD02D66FF61C9D2 /* Pods */ = {
			isa = PBXGroup;
			children = (
				C88922AF6706D2D3EC42FD97 /* Pods-AB-Salon.debug.xcconfig */,
				08BDC02C082666C8E113BF08 /* Pods-AB-Salon.release.xcconfig */,
				7B28677229D7D17F4060B493 /* Pods-AB-SalonTests.debug.xcconfig */,
				D4F4276F54A3C70AFD35129A /* Pods-AB-SalonTests.release.xcconfig */,
				EE25E13264A3F4E2C8574141 /* Pods-AB-SalonUITests.debug.xcconfig */,
				532E78640CF83ED9010401BD /* Pods-AB-SalonUITests.release.xcconfig */,
			);
			name = Pods;
			sourceTree = "<group>";
		};
		F855AC4A1D055B66007F0C87 /* CustomViews */ = {
			isa = PBXGroup;
			children = (
				F855AC4B1D055B66007F0C87 /* BottomButton.h */,
				F855AC4C1D055B66007F0C87 /* BottomButton.m */,
				F855AC4D1D055B66007F0C87 /* CustomValidationTextField.h */,
				F855AC4E1D055B66007F0C87 /* CustomValidationTextField.m */,
				F855AC4F1D055B66007F0C87 /* ValidationCheckbox.h */,
				F855AC501D055B66007F0C87 /* ValidationCheckbox.m */,
			);
			path = CustomViews;
			sourceTree = "<group>";
		};
		F855AC541D055BA0007F0C87 /* LoginScreen */ = {
			isa = PBXGroup;
			children = (
				F855AC581D055BA0007F0C87 /* LoginViewController.h */,
				F855AC591D055BA0007F0C87 /* LoginViewController.m */,
			);
			path = LoginScreen;
			sourceTree = "<group>";
		};
		F855AC641D058ED4007F0C87 /* RegistrationViewControllers */ = {
			isa = PBXGroup;
			children = (
				F855AC681D058ED4007F0C87 /* RegistrationViewController.h */,
				F855AC691D058ED4007F0C87 /* RegistrationViewController.m */,
			);
			path = RegistrationViewControllers;
			sourceTree = "<group>";
		};
		F855AC651D058ED4007F0C87 /* RegisterUser */ = {
			isa = PBXGroup;
			children = (
				F855AC661D058ED4007F0C87 /* RegisterUserVC.h */,
				F855AC671D058ED4007F0C87 /* RegisterUserVC.m */,
			);
			name = RegisterUser;
			path = RegistrationViewControllers/RegisterUser;
			sourceTree = "<group>";
		};
/* End PBXGroup section */

/* Begin PBXNativeTarget section */
		3D9CD88E1D05459000C71D6A /* AB-Salon */ = {
			isa = PBXNativeTarget;
			buildConfigurationList = 3D9CD8BC1D05459100C71D6A /* Build configuration list for PBXNativeTarget "AB-Salon" */;
			buildPhases = (
				68F0FB71B0DECFCE3DBDE9B0 /* [CP] Check Pods Manifest.lock */,
				3D9CD88B1D05459000C71D6A /* Sources */,
				3D9CD88C1D05459000C71D6A /* Frameworks */,
				3D9CD88D1D05459000C71D6A /* Resources */,
				9FFBECE8A6361D34F3F01EE1 /* [CP] Embed Pods Frameworks */,
				57FBABB78437F696903319E2 /* [CP] Copy Pods Resources */,
			);
			buildRules = (
			);
			dependencies = (
			);
			name = "AB-Salon";
			productName = "AB-Salon";
			productReference = 3D9CD88F1D05459000C71D6A /* AB-Salon.app */;
			productType = "com.apple.product-type.application";
		};
		3D9CD8A71D05459100C71D6A /* AB-SalonTests */ = {
			isa = PBXNativeTarget;
			buildConfigurationList = 3D9CD8BF1D05459100C71D6A /* Build configuration list for PBXNativeTarget "AB-SalonTests" */;
			buildPhases = (
				CCF33E49FC1689B5BF761C26 /* [CP] Check Pods Manifest.lock */,
				3D9CD8A41D05459100C71D6A /* Sources */,
				3D9CD8A51D05459100C71D6A /* Frameworks */,
				3D9CD8A61D05459100C71D6A /* Resources */,
				D09E237AD6ECCEA638A6CC84 /* [CP] Embed Pods Frameworks */,
				D712A66204523B3226889316 /* [CP] Copy Pods Resources */,
			);
			buildRules = (
			);
			dependencies = (
				3D9CD8AA1D05459100C71D6A /* PBXTargetDependency */,
			);
			name = "AB-SalonTests";
			productName = "AB-SalonTests";
			productReference = 3D9CD8A81D05459100C71D6A /* AB-SalonTests.xctest */;
			productType = "com.apple.product-type.bundle.unit-test";
		};
		3D9CD8B21D05459100C71D6A /* AB-SalonUITests */ = {
			isa = PBXNativeTarget;
			buildConfigurationList = 3D9CD8C21D05459100C71D6A /* Build configuration list for PBXNativeTarget "AB-SalonUITests" */;
			buildPhases = (
				CFF3666B89B240AC0428E6DF /* [CP] Check Pods Manifest.lock */,
				3D9CD8AF1D05459100C71D6A /* Sources */,
				3D9CD8B01D05459100C71D6A /* Frameworks */,
				3D9CD8B11D05459100C71D6A /* Resources */,
				C92747B646C82B4813186288 /* [CP] Copy Pods Resources */,
			);
			buildRules = (
			);
			dependencies = (
				3D9CD8B51D05459100C71D6A /* PBXTargetDependency */,
			);
			name = "AB-SalonUITests";
			productName = "AB-SalonUITests";
			productReference = 3D9CD8B31D05459100C71D6A /* AB-SalonUITests.xctest */;
			productType = "com.apple.product-type.bundle.ui-testing";
		};
/* End PBXNativeTarget section */

/* Begin PBXProject section */
		3D9CD8871D05459000C71D6A /* Project object */ = {
			isa = PBXProject;
			attributes = {
				LastUpgradeCheck = 0730;
				ORGANIZATIONNAME = Citrusbits;
				TargetAttributes = {
					3D9CD88E1D05459000C71D6A = {
						CreatedOnToolsVersion = 7.3.1;
					};
					3D9CD8A71D05459100C71D6A = {
						CreatedOnToolsVersion = 7.3.1;
						TestTargetID = 3D9CD88E1D05459000C71D6A;
					};
					3D9CD8B21D05459100C71D6A = {
						CreatedOnToolsVersion = 7.3.1;
						TestTargetID = 3D9CD88E1D05459000C71D6A;
					};
				};
			};
			buildConfigurationList = 3D9CD88A1D05459000C71D6A /* Build configuration list for PBXProject "AB-Salon" */;
			compatibilityVersion = "Xcode 3.2";
			developmentRegion = English;
			hasScannedForEncodings = 0;
			knownRegions = (
				en,
				Base,
			);
			mainGroup = 3D9CD8861D05459000C71D6A;
			productRefGroup = 3D9CD8901D05459000C71D6A /* Products */;
			projectDirPath = "";
			projectRoot = "";
			targets = (
				3D9CD88E1D05459000C71D6A /* AB-Salon */,
				3D9CD8A71D05459100C71D6A /* AB-SalonTests */,
				3D9CD8B21D05459100C71D6A /* AB-SalonUITests */,
			);
		};
/* End PBXProject section */

/* Begin PBXResourcesBuildPhase section */
		3D9CD88D1D05459000C71D6A /* Resources */ = {
			isa = PBXResourcesBuildPhase;
			buildActionMask = 2147483647;
			files = (
				3D9CD8FD1D05632D00C71D6A /* RegistrationStoryboard.storyboard in Resources */,
				3D9CD8EB1D0562C400C71D6A /* SalonProfile.storyboard in Resources */,
				3D9CD8DB1D05561D00C71D6A /* Info.plist in Resources */,
				3D9CD8D81D05561D00C71D6A /* LaunchScreen.storyboard in Resources */,
				3D9CD8E81D0562A600C71D6A /* UserProfile.storyboard in Resources */,
				3D9CD8FC1D05632D00C71D6A /* LoginViewStoryboard.storyboard in Resources */,
				3D9CD8DA1D05561D00C71D6A /* Assets.xcassets in Resources */,
				3D9CD8F41D0562F800C71D6A /* Share.storyboard in Resources */,
				3D9CD8EE1D0562D300C71D6A /* Services.storyboard in Resources */,
				3D9CD8F11D0562E300C71D6A /* Appointments.storyboard in Resources */,
				3D9CD8F71D05630900C71D6A /* About.storyboard in Resources */,
			);
			runOnlyForDeploymentPostprocessing = 0;
		};
		3D9CD8A61D05459100C71D6A /* Resources */ = {
			isa = PBXResourcesBuildPhase;
			buildActionMask = 2147483647;
			files = (
			);
			runOnlyForDeploymentPostprocessing = 0;
		};
		3D9CD8B11D05459100C71D6A /* Resources */ = {
			isa = PBXResourcesBuildPhase;
			buildActionMask = 2147483647;
			files = (
			);
			runOnlyForDeploymentPostprocessing = 0;
		};
/* End PBXResourcesBuildPhase section */

/* Begin PBXShellScriptBuildPhase section */
		57FBABB78437F696903319E2 /* [CP] Copy Pods Resources */ = {
			isa = PBXShellScriptBuildPhase;
			buildActionMask = 2147483647;
			files = (
			);
			inputPaths = (
			);
			name = "[CP] Copy Pods Resources";
			outputPaths = (
			);
			runOnlyForDeploymentPostprocessing = 0;
			shellPath = /bin/sh;
			shellScript = "\"${SRCROOT}/Pods/Target Support Files/Pods-AB-Salon/Pods-AB-Salon-resources.sh\"\n";
			showEnvVarsInLog = 0;
		};
		68F0FB71B0DECFCE3DBDE9B0 /* [CP] Check Pods Manifest.lock */ = {
			isa = PBXShellScriptBuildPhase;
			buildActionMask = 2147483647;
			files = (
			);
			inputPaths = (
			);
			name = "[CP] Check Pods Manifest.lock";
			outputPaths = (
			);
			runOnlyForDeploymentPostprocessing = 0;
			shellPath = /bin/sh;
			shellScript = "diff \"${PODS_ROOT}/../Podfile.lock\" \"${PODS_ROOT}/Manifest.lock\" > /dev/null\nif [[ $? != 0 ]] ; then\n    cat << EOM\nerror: The sandbox is not in sync with the Podfile.lock. Run 'pod install' or update your CocoaPods installation.\nEOM\n    exit 1\nfi\n";
			showEnvVarsInLog = 0;
		};
		9FFBECE8A6361D34F3F01EE1 /* [CP] Embed Pods Frameworks */ = {
			isa = PBXShellScriptBuildPhase;
			buildActionMask = 2147483647;
			files = (
			);
			inputPaths = (
			);
			name = "[CP] Embed Pods Frameworks";
			outputPaths = (
			);
			runOnlyForDeploymentPostprocessing = 0;
			shellPath = /bin/sh;
			shellScript = "\"${SRCROOT}/Pods/Target Support Files/Pods-AB-Salon/Pods-AB-Salon-frameworks.sh\"\n";
			showEnvVarsInLog = 0;
		};
		C92747B646C82B4813186288 /* [CP] Copy Pods Resources */ = {
			isa = PBXShellScriptBuildPhase;
			buildActionMask = 2147483647;
			files = (
			);
			inputPaths = (
			);
			name = "[CP] Copy Pods Resources";
			outputPaths = (
			);
			runOnlyForDeploymentPostprocessing = 0;
			shellPath = /bin/sh;
			shellScript = "\"${SRCROOT}/Pods/Target Support Files/Pods-AB-SalonUITests/Pods-AB-SalonUITests-resources.sh\"\n";
			showEnvVarsInLog = 0;
		};
		CCF33E49FC1689B5BF761C26 /* [CP] Check Pods Manifest.lock */ = {
			isa = PBXShellScriptBuildPhase;
			buildActionMask = 2147483647;
			files = (
			);
			inputPaths = (
			);
			name = "[CP] Check Pods Manifest.lock";
			outputPaths = (
			);
			runOnlyForDeploymentPostprocessing = 0;
			shellPath = /bin/sh;
			shellScript = "diff \"${PODS_ROOT}/../Podfile.lock\" \"${PODS_ROOT}/Manifest.lock\" > /dev/null\nif [[ $? != 0 ]] ; then\n    cat << EOM\nerror: The sandbox is not in sync with the Podfile.lock. Run 'pod install' or update your CocoaPods installation.\nEOM\n    exit 1\nfi\n";
			showEnvVarsInLog = 0;
		};
		CFF3666B89B240AC0428E6DF /* [CP] Check Pods Manifest.lock */ = {
			isa = PBXShellScriptBuildPhase;
			buildActionMask = 2147483647;
			files = (
			);
			inputPaths = (
			);
			name = "[CP] Check Pods Manifest.lock";
			outputPaths = (
			);
			runOnlyForDeploymentPostprocessing = 0;
			shellPath = /bin/sh;
			shellScript = "diff \"${PODS_ROOT}/../Podfile.lock\" \"${PODS_ROOT}/Manifest.lock\" > /dev/null\nif [[ $? != 0 ]] ; then\n    cat << EOM\nerror: The sandbox is not in sync with the Podfile.lock. Run 'pod install' or update your CocoaPods installation.\nEOM\n    exit 1\nfi\n";
			showEnvVarsInLog = 0;
		};
		D09E237AD6ECCEA638A6CC84 /* [CP] Embed Pods Frameworks */ = {
			isa = PBXShellScriptBuildPhase;
			buildActionMask = 2147483647;
			files = (
			);
			inputPaths = (
			);
			name = "[CP] Embed Pods Frameworks";
			outputPaths = (
			);
			runOnlyForDeploymentPostprocessing = 0;
			shellPath = /bin/sh;
			shellScript = "\"${SRCROOT}/Pods/Target Support Files/Pods-AB-SalonTests/Pods-AB-SalonTests-frameworks.sh\"\n";
			showEnvVarsInLog = 0;
		};
		D712A66204523B3226889316 /* [CP] Copy Pods Resources */ = {
			isa = PBXShellScriptBuildPhase;
			buildActionMask = 2147483647;
			files = (
			);
			inputPaths = (
			);
			name = "[CP] Copy Pods Resources";
			outputPaths = (
			);
			runOnlyForDeploymentPostprocessing = 0;
			shellPath = /bin/sh;
			shellScript = "\"${SRCROOT}/Pods/Target Support Files/Pods-AB-SalonTests/Pods-AB-SalonTests-resources.sh\"\n";
			showEnvVarsInLog = 0;
		};
/* End PBXShellScriptBuildPhase section */

/* Begin PBXSourcesBuildPhase section */
		3D9CD88B1D05459000C71D6A /* Sources */ = {
			isa = PBXSourcesBuildPhase;
			buildActionMask = 2147483647;
			files = (
				F855AC6A1D058ED4007F0C87 /* RegisterUserVC.m in Sources */,
				F855AC5B1D055BA0007F0C87 /* LoginViewController.m in Sources */,
				F855AC521D055B66007F0C87 /* CustomValidationTextField.m in Sources */,
				3D9CD8DC1D05561D00C71D6A /* main.m in Sources */,
				3D9CD8E51D0561F700C71D6A /* ForgotPasswordVC.m in Sources */,
				F855AC531D055B66007F0C87 /* ValidationCheckbox.m in Sources */,
				F855AC511D055B66007F0C87 /* BottomButton.m in Sources */,
				F855AC6B1D058ED4007F0C87 /* RegistrationViewController.m in Sources */,
				3D9CD8D71D05561D00C71D6A /* AppDelegate.m in Sources */,
			);
			runOnlyForDeploymentPostprocessing = 0;
		};
		3D9CD8A41D05459100C71D6A /* Sources */ = {
			isa = PBXSourcesBuildPhase;
			buildActionMask = 2147483647;
			files = (
				3D9CD8AD1D05459100C71D6A /* AB_SalonTests.m in Sources */,
			);
			runOnlyForDeploymentPostprocessing = 0;
		};
		3D9CD8AF1D05459100C71D6A /* Sources */ = {
			isa = PBXSourcesBuildPhase;
			buildActionMask = 2147483647;
			files = (
				3D9CD8B81D05459100C71D6A /* AB_SalonUITests.m in Sources */,
			);
			runOnlyForDeploymentPostprocessing = 0;
		};
/* End PBXSourcesBuildPhase section */

/* Begin PBXTargetDependency section */
		3D9CD8AA1D05459100C71D6A /* PBXTargetDependency */ = {
			isa = PBXTargetDependency;
			target = 3D9CD88E1D05459000C71D6A /* AB-Salon */;
			targetProxy = 3D9CD8A91D05459100C71D6A /* PBXContainerItemProxy */;
		};
		3D9CD8B51D05459100C71D6A /* PBXTargetDependency */ = {
			isa = PBXTargetDependency;
			target = 3D9CD88E1D05459000C71D6A /* AB-Salon */;
			targetProxy = 3D9CD8B41D05459100C71D6A /* PBXContainerItemProxy */;
		};
/* End PBXTargetDependency section */

/* Begin PBXVariantGroup section */
		3D9CD8CC1D05561D00C71D6A /* LaunchScreen.storyboard */ = {
			isa = PBXVariantGroup;
			children = (
				3D9CD8CD1D05561D00C71D6A /* Base */,
				3D9CD9001D05636100C71D6A /* ar */,
			);
			name = LaunchScreen.storyboard;
			sourceTree = "<group>";
		};
		3D9CD8E61D0562A600C71D6A /* UserProfile.storyboard */ = {
			isa = PBXVariantGroup;
			children = (
				3D9CD8E71D0562A600C71D6A /* Base */,
				3D9CD9011D05636100C71D6A /* ar */,
			);
			name = UserProfile.storyboard;
			sourceTree = "<group>";
		};
		3D9CD8E91D0562C400C71D6A /* SalonProfile.storyboard */ = {
			isa = PBXVariantGroup;
			children = (
				3D9CD8EA1D0562C400C71D6A /* Base */,
				3D9CD9021D05636100C71D6A /* ar */,
			);
			name = SalonProfile.storyboard;
			sourceTree = "<group>";
		};
		3D9CD8EC1D0562D300C71D6A /* Services.storyboard */ = {
			isa = PBXVariantGroup;
			children = (
				3D9CD8ED1D0562D300C71D6A /* Base */,
				3D9CD9031D05636100C71D6A /* ar */,
			);
			name = Services.storyboard;
			sourceTree = "<group>";
		};
		3D9CD8EF1D0562E300C71D6A /* Appointments.storyboard */ = {
			isa = PBXVariantGroup;
			children = (
				3D9CD8F01D0562E300C71D6A /* Base */,
				3D9CD9041D05636100C71D6A /* ar */,
			);
			name = Appointments.storyboard;
			sourceTree = "<group>";
		};
		3D9CD8F21D0562F800C71D6A /* Share.storyboard */ = {
			isa = PBXVariantGroup;
			children = (
				3D9CD8F31D0562F800C71D6A /* Base */,
				3D9CD9051D05636100C71D6A /* ar */,
			);
			name = Share.storyboard;
			sourceTree = "<group>";
		};
		3D9CD8F51D05630900C71D6A /* About.storyboard */ = {
			isa = PBXVariantGroup;
			children = (
				3D9CD8F61D05630900C71D6A /* Base */,
				3D9CD9061D05636100C71D6A /* ar */,
			);
			name = About.storyboard;
			sourceTree = "<group>";
		};
		3D9CD8F81D05632D00C71D6A /* LoginViewStoryboard.storyboard */ = {
			isa = PBXVariantGroup;
			children = (
				3D9CD8F91D05632D00C71D6A /* Base */,
				3D9CD8FE1D05636000C71D6A /* ar */,
			);
			name = LoginViewStoryboard.storyboard;
			sourceTree = "<group>";
		};
		3D9CD8FA1D05632D00C71D6A /* RegistrationStoryboard.storyboard */ = {
			isa = PBXVariantGroup;
			children = (
				3D9CD8FB1D05632D00C71D6A /* Base */,
				3D9CD8FF1D05636000C71D6A /* ar */,
			);
			name = RegistrationStoryboard.storyboard;
			sourceTree = "<group>";
		};
/* End PBXVariantGroup section */

/* Begin XCBuildConfiguration section */
		3D9CD8BA1D05459100C71D6A /* Debug */ = {
			isa = XCBuildConfiguration;
			buildSettings = {
				ALWAYS_SEARCH_USER_PATHS = NO;
				CLANG_ANALYZER_NONNULL = YES;
				CLANG_CXX_LANGUAGE_STANDARD = "gnu++0x";
				CLANG_CXX_LIBRARY = "libc++";
				CLANG_ENABLE_MODULES = YES;
				CLANG_ENABLE_OBJC_ARC = YES;
				CLANG_WARN_BOOL_CONVERSION = YES;
				CLANG_WARN_CONSTANT_CONVERSION = YES;
				CLANG_WARN_DIRECT_OBJC_ISA_USAGE = YES_ERROR;
				CLANG_WARN_EMPTY_BODY = YES;
				CLANG_WARN_ENUM_CONVERSION = YES;
				CLANG_WARN_INT_CONVERSION = YES;
				CLANG_WARN_OBJC_ROOT_CLASS = YES_ERROR;
				CLANG_WARN_UNREACHABLE_CODE = YES;
				CLANG_WARN__DUPLICATE_METHOD_MATCH = YES;
				"CODE_SIGN_IDENTITY[sdk=iphoneos*]" = "iPhone Developer";
				COPY_PHASE_STRIP = NO;
				DEBUG_INFORMATION_FORMAT = dwarf;
				ENABLE_STRICT_OBJC_MSGSEND = YES;
				ENABLE_TESTABILITY = YES;
				GCC_C_LANGUAGE_STANDARD = gnu99;
				GCC_DYNAMIC_NO_PIC = NO;
				GCC_NO_COMMON_BLOCKS = YES;
				GCC_OPTIMIZATION_LEVEL = 0;
				GCC_PREPROCESSOR_DEFINITIONS = (
					"DEBUG=1",
					"$(inherited)",
				);
				GCC_WARN_64_TO_32_BIT_CONVERSION = YES;
				GCC_WARN_ABOUT_RETURN_TYPE = YES_ERROR;
				GCC_WARN_UNDECLARED_SELECTOR = YES;
				GCC_WARN_UNINITIALIZED_AUTOS = YES_AGGRESSIVE;
				GCC_WARN_UNUSED_FUNCTION = YES;
				GCC_WARN_UNUSED_VARIABLE = YES;
				IPHONEOS_DEPLOYMENT_TARGET = 9.0;
				MTL_ENABLE_DEBUG_INFO = YES;
				ONLY_ACTIVE_ARCH = YES;
				SDKROOT = iphoneos;
			};
			name = Debug;
		};
		3D9CD8BB1D05459100C71D6A /* Release */ = {
			isa = XCBuildConfiguration;
			buildSettings = {
				ALWAYS_SEARCH_USER_PATHS = NO;
				CLANG_ANALYZER_NONNULL = YES;
				CLANG_CXX_LANGUAGE_STANDARD = "gnu++0x";
				CLANG_CXX_LIBRARY = "libc++";
				CLANG_ENABLE_MODULES = YES;
				CLANG_ENABLE_OBJC_ARC = YES;
				CLANG_WARN_BOOL_CONVERSION = YES;
				CLANG_WARN_CONSTANT_CONVERSION = YES;
				CLANG_WARN_DIRECT_OBJC_ISA_USAGE = YES_ERROR;
				CLANG_WARN_EMPTY_BODY = YES;
				CLANG_WARN_ENUM_CONVERSION = YES;
				CLANG_WARN_INT_CONVERSION = YES;
				CLANG_WARN_OBJC_ROOT_CLASS = YES_ERROR;
				CLANG_WARN_UNREACHABLE_CODE = YES;
				CLANG_WARN__DUPLICATE_METHOD_MATCH = YES;
				"CODE_SIGN_IDENTITY[sdk=iphoneos*]" = "iPhone Developer";
				COPY_PHASE_STRIP = NO;
				DEBUG_INFORMATION_FORMAT = "dwarf-with-dsym";
				ENABLE_NS_ASSERTIONS = NO;
				ENABLE_STRICT_OBJC_MSGSEND = YES;
				GCC_C_LANGUAGE_STANDARD = gnu99;
				GCC_NO_COMMON_BLOCKS = YES;
				GCC_WARN_64_TO_32_BIT_CONVERSION = YES;
				GCC_WARN_ABOUT_RETURN_TYPE = YES_ERROR;
				GCC_WARN_UNDECLARED_SELECTOR = YES;
				GCC_WARN_UNINITIALIZED_AUTOS = YES_AGGRESSIVE;
				GCC_WARN_UNUSED_FUNCTION = YES;
				GCC_WARN_UNUSED_VARIABLE = YES;
				IPHONEOS_DEPLOYMENT_TARGET = 9.0;
				MTL_ENABLE_DEBUG_INFO = NO;
				SDKROOT = iphoneos;
				VALIDATE_PRODUCT = YES;
			};
			name = Release;
		};
		3D9CD8BD1D05459100C71D6A /* Debug */ = {
			isa = XCBuildConfiguration;
			baseConfigurationReference = C88922AF6706D2D3EC42FD97 /* Pods-AB-Salon.debug.xcconfig */;
			buildSettings = {
				ASSETCATALOG_COMPILER_APPICON_NAME = AppIcon;
				INFOPLIST_FILE = "$(SRCROOT)/AB-Salon/Supporting Files/Info.plist";
				IPHONEOS_DEPLOYMENT_TARGET = 9.0;
				LD_RUNPATH_SEARCH_PATHS = "$(inherited) @executable_path/Frameworks";
				PRODUCT_BUNDLE_IDENTIFIER = "com.citrusbits.AB-Salon";
				PRODUCT_NAME = "$(TARGET_NAME)";
			};
			name = Debug;
		};
		3D9CD8BE1D05459100C71D6A /* Release */ = {
			isa = XCBuildConfiguration;
			baseConfigurationReference = 08BDC02C082666C8E113BF08 /* Pods-AB-Salon.release.xcconfig */;
			buildSettings = {
				ASSETCATALOG_COMPILER_APPICON_NAME = AppIcon;
				INFOPLIST_FILE = "$(SRCROOT)/AB-Salon/Supporting Files/Info.plist";
				IPHONEOS_DEPLOYMENT_TARGET = 9.0;
				LD_RUNPATH_SEARCH_PATHS = "$(inherited) @executable_path/Frameworks";
				PRODUCT_BUNDLE_IDENTIFIER = "com.citrusbits.AB-Salon";
				PRODUCT_NAME = "$(TARGET_NAME)";
			};
			name = Release;
		};
		3D9CD8C01D05459100C71D6A /* Debug */ = {
			isa = XCBuildConfiguration;
			baseConfigurationReference = 7B28677229D7D17F4060B493 /* Pods-AB-SalonTests.debug.xcconfig */;
			buildSettings = {
				BUNDLE_LOADER = "$(TEST_HOST)";
				INFOPLIST_FILE = "AB-SalonTests/Info.plist";
				LD_RUNPATH_SEARCH_PATHS = "$(inherited) @executable_path/Frameworks @loader_path/Frameworks";
				PRODUCT_BUNDLE_IDENTIFIER = "com.citrusbits.AB-SalonTests";
				PRODUCT_NAME = "$(TARGET_NAME)";
				TEST_HOST = "$(BUILT_PRODUCTS_DIR)/AB-Salon.app/AB-Salon";
			};
			name = Debug;
		};
		3D9CD8C11D05459100C71D6A /* Release */ = {
			isa = XCBuildConfiguration;
			baseConfigurationReference = D4F4276F54A3C70AFD35129A /* Pods-AB-SalonTests.release.xcconfig */;
			buildSettings = {
				BUNDLE_LOADER = "$(TEST_HOST)";
				INFOPLIST_FILE = "AB-SalonTests/Info.plist";
				LD_RUNPATH_SEARCH_PATHS = "$(inherited) @executable_path/Frameworks @loader_path/Frameworks";
				PRODUCT_BUNDLE_IDENTIFIER = "com.citrusbits.AB-SalonTests";
				PRODUCT_NAME = "$(TARGET_NAME)";
				TEST_HOST = "$(BUILT_PRODUCTS_DIR)/AB-Salon.app/AB-Salon";
			};
			name = Release;
		};
		3D9CD8C31D05459100C71D6A /* Debug */ = {
			isa = XCBuildConfiguration;
			baseConfigurationReference = EE25E13264A3F4E2C8574141 /* Pods-AB-SalonUITests.debug.xcconfig */;
			buildSettings = {
				INFOPLIST_FILE = "AB-SalonUITests/Info.plist";
				LD_RUNPATH_SEARCH_PATHS = "$(inherited) @executable_path/Frameworks @loader_path/Frameworks";
				PRODUCT_BUNDLE_IDENTIFIER = "com.citrusbits.AB-SalonUITests";
				PRODUCT_NAME = "$(TARGET_NAME)";
				TEST_TARGET_NAME = "AB-Salon";
			};
			name = Debug;
		};
		3D9CD8C41D05459100C71D6A /* Release */ = {
			isa = XCBuildConfiguration;
			baseConfigurationReference = 532E78640CF83ED9010401BD /* Pods-AB-SalonUITests.release.xcconfig */;
			buildSettings = {
				INFOPLIST_FILE = "AB-SalonUITests/Info.plist";
				LD_RUNPATH_SEARCH_PATHS = "$(inherited) @executable_path/Frameworks @loader_path/Frameworks";
				PRODUCT_BUNDLE_IDENTIFIER = "com.citrusbits.AB-SalonUITests";
				PRODUCT_NAME = "$(TARGET_NAME)";
				TEST_TARGET_NAME = "AB-Salon";
			};
			name = Release;
		};
/* End XCBuildConfiguration section */

/* Begin XCConfigurationList section */
		3D9CD88A1D05459000C71D6A /* Build configuration list for PBXProject "AB-Salon" */ = {
			isa = XCConfigurationList;
			buildConfigurations = (
				3D9CD8BA1D05459100C71D6A /* Debug */,
				3D9CD8BB1D05459100C71D6A /* Release */,
			);
			defaultConfigurationIsVisible = 0;
			defaultConfigurationName = Release;
		};
		3D9CD8BC1D05459100C71D6A /* Build configuration list for PBXNativeTarget "AB-Salon" */ = {
			isa = XCConfigurationList;
			buildConfigurations = (
				3D9CD8BD1D05459100C71D6A /* Debug */,
				3D9CD8BE1D05459100C71D6A /* Release */,
			);
			defaultConfigurationIsVisible = 0;
			defaultConfigurationName = Release;
		};
		3D9CD8BF1D05459100C71D6A /* Build configuration list for PBXNativeTarget "AB-SalonTests" */ = {
			isa = XCConfigurationList;
			buildConfigurations = (
				3D9CD8C01D05459100C71D6A /* Debug */,
				3D9CD8C11D05459100C71D6A /* Release */,
			);
			defaultConfigurationIsVisible = 0;
			defaultConfigurationName = Release;
		};
		3D9CD8C21D05459100C71D6A /* Build configuration list for PBXNativeTarget "AB-SalonUITests" */ = {
			isa = XCConfigurationList;
			buildConfigurations = (
				3D9CD8C31D05459100C71D6A /* Debug */,
				3D9CD8C41D05459100C71D6A /* Release */,
			);
			defaultConfigurationIsVisible = 0;
			defaultConfigurationName = Release;
		};
/* End XCConfigurationList section */
	};
	rootObject = 3D9CD8871D05459000C71D6A /* Project object */;
}
